
Microsoft Visual Studio Solution File, Format Version 12.00
# Visual Studio Version 17
VisualStudioVersion = 17.10.35013.160
MinimumVisualStudioVersion = 10.0.40219.1
Project("{FAE04EC0-301F-11D3-BF4B-00C04F79EFBC}") = "Aho Corasick", "Aho Corasick\Aho Corasick.csproj", "{B3DA2A49-953E-41DE-AD7A-C24DCB516DE1}"
EndProject
Global
	GlobalSection(SolutionConfigurationPlatforms) = preSolution
		Debug|Any CPU = Debug|Any CPU
		Release|Any CPU = Release|Any CPU
	EndGlobalSection
	GlobalSection(ProjectConfigurationPlatforms) = postSolution
		{B3DA2A49-953E-41DE-AD7A-C24DCB516DE1}.Debug|Any CPU.ActiveCfg = Debug|Any CPU
		{B3DA2A49-953E-41DE-AD7A-C24DCB516DE1}.Debug|Any CPU.Build.0 = Debug|Any CPU
		{B3DA2A49-953E-41DE-AD7A-C24DCB516DE1}.Release|Any CPU.ActiveCfg = Release|Any CPU
		{B3DA2A49-953E-41DE-AD7A-C24DCB516DE1}.Release|Any CPU.Build.0 = Release|Any CPU
	EndGlobalSection
	GlobalSection(SolutionProperties) = preSolution
		HideSolutionNode = FALSE
	EndGlobalSection
	GlobalSection(ExtensibilityGlobals) = postSolution
		SolutionGuid = {2F965917-6F3B-494A-B1BC-11AF2FDD08A1}
	EndGlobalSection
EndGlobal
